
Microsoft Visual Studio Solution File, Format Version 12.00
# Visual Studio Version 17
VisualStudioVersion = 17.10.35122.118
MinimumVisualStudioVersion = 10.0.40219.1
Project("{9A19103F-16F7-4668-BE54-9A1E7A4F7556}") = "FP", "FP\FP.csproj", "{BFE5B7F1-95F4-48F2-BC16-A2E73168201A}"
EndProject
Project("{9A19103F-16F7-4668-BE54-9A1E7A4F7556}") = "FP.Tests", "FP.Tests\FP.Tests.csproj", "{98C65682-58D4-4B9A-BB20-0121C3F2A44F}"
EndProject
Global
	GlobalSection(SolutionConfigurationPlatforms) = preSolution
		Debug|Any CPU = Debug|Any CPU
		Release|Any CPU = Release|Any CPU
	EndGlobalSection
	GlobalSection(ProjectConfigurationPlatforms) = postSolution
		{BFE5B7F1-95F4-48F2-BC16-A2E73168201A}.Debug|Any CPU.ActiveCfg = Debug|Any CPU
		{BFE5B7F1-95F4-48F2-BC16-A2E73168201A}.Debug|Any CPU.Build.0 = Debug|Any CPU
		{BFE5B7F1-95F4-48F2-BC16-A2E73168201A}.Release|Any CPU.ActiveCfg = Release|Any CPU
		{BFE5B7F1-95F4-48F2-BC16-A2E73168201A}.Release|Any CPU.Build.0 = Release|Any CPU
		{98C65682-58D4-4B9A-BB20-0121C3F2A44F}.Debug|Any CPU.ActiveCfg = Debug|Any CPU
		{98C65682-58D4-4B9A-BB20-0121C3F2A44F}.Debug|Any CPU.Build.0 = Debug|Any CPU
		{98C65682-58D4-4B9A-BB20-0121C3F2A44F}.Release|Any CPU.ActiveCfg = Release|Any CPU
		{98C65682-58D4-4B9A-BB20-0121C3F2A44F}.Release|Any CPU.Build.0 = Release|Any CPU
	EndGlobalSection
	GlobalSection(SolutionProperties) = preSolution
		HideSolutionNode = FALSE
	EndGlobalSection
	GlobalSection(ExtensibilityGlobals) = postSolution
		SolutionGuid = {1162F0C8-2A76-4489-9393-4D83A86B5009}
	EndGlobalSection
EndGlobal
